
Microsoft Visual Studio Solution File, Format Version 12.00
# Visual Studio 14
VisualStudioVersion = 14.0.24720.0
MinimumVisualStudioVersion = 10.0.40219.1
Project("{FAE04EC0-301F-11D3-BF4B-00C04F79EFBC}") = "BasicWithMvvm", "Simple\BasicWithMvvm\BasicWithMvvm.csproj", "{D1951D0E-416E-4841-A62E-B9A4054DE7A4}"
EndProject
Project("{FAE04EC0-301F-11D3-BF4B-00C04F79EFBC}") = "NewsReader.Windows", "MvvmLight\NewsReader.Windows\NewsReader.Windows.csproj", "{7DAD87DC-20DB-4E90-AACB-8D5FE5C0EB64}"
EndProject
Project("{2150E333-8FDC-42A3-9474-1A3956D46DE8}") = "MVVMLight", "MVVMLight", "{026CB1A2-A74E-4A4B-A5B5-4A052E851164}"
EndProject
Project("{FAE04EC0-301F-11D3-BF4B-00C04F79EFBC}") = "NewsReader.Android", "MvvmLight\NewsReader.Android\NewsReader.Android.csproj", "{4A4625FD-66C8-4A3E-91C9-5DB48B86B908}"
EndProject
Project("{2150E333-8FDC-42A3-9474-1A3956D46DE8}") = "Xamarin", "Xamarin", "{015DCCD2-4F49-4B0A-A33A-68589AE97C62}"
EndProject
Project("{FAE04EC0-301F-11D3-BF4B-00C04F79EFBC}") = "Basic.Windows", "Xamarin\Basic.Windows\Basic.Windows.csproj", "{63C3B6EF-73D6-424A-8205-F6B851DE67D8}"
EndProject
Project("{FAE04EC0-301F-11D3-BF4B-00C04F79EFBC}") = "Basic.Shared", "Xamarin\Basic.Shared\Basic.Shared.csproj", "{9CF594AE-ADDC-4238-BD20-C7B6C4797CE1}"
EndProject
Project("{FAE04EC0-301F-11D3-BF4B-00C04F79EFBC}") = "Basic.Android", "Xamarin\Basic.Android\Basic.Android.csproj", "{84741FAB-AC84-4479-B880-4EB54BC6F430}"
EndProject
Project("{FAE04EC0-301F-11D3-BF4B-00C04F79EFBC}") = "NewsReader.Shared", "MvvmLight\NewsReader.Shared\NewsReader.Shared.csproj", "{C48AC671-CD5A-4C8B-A5FB-48E5F761B44E}"
EndProject
Project("{2150E333-8FDC-42A3-9474-1A3956D46DE8}") = "MVVMCross", "MVVMCross", "{61EF6925-9747-4E30-A153-1219C92153CC}"
EndProject
Project("{FAE04EC0-301F-11D3-BF4B-00C04F79EFBC}") = "NewsReader.Shared", "MvvmCross\NewsReader.Shared\NewsReader.Shared.csproj", "{AAD28B31-C2DC-4FFD-8B73-3AADD0BE211E}"
EndProject
Project("{FAE04EC0-301F-11D3-BF4B-00C04F79EFBC}") = "NewsReader.Windows", "MvvmCross\NewsReader.Windows\NewsReader.Windows.csproj", "{93F96991-A4D2-4106-A08D-A6C24F3F4B93}"
EndProject
Project("{2150E333-8FDC-42A3-9474-1A3956D46DE8}") = "Simple", "Simple", "{AC192424-7767-4BE2-816F-D663FB08C1D7}"
EndProject
Project("{FAE04EC0-301F-11D3-BF4B-00C04F79EFBC}") = "Basic", "Simple\Basic\Basic.csproj", "{EA957C4C-F4C1-4DB9-8DBA-AB27E6EF93E8}"
EndProject
Project("{FAE04EC0-301F-11D3-BF4B-00C04F79EFBC}") = "NewsReader.Android", "MvvmCross\NewsReader.Android\NewsReader.Android.csproj", "{CA18BF95-2C94-4C48-B175-778374AC138D}"
EndProject
Global
	GlobalSection(SolutionConfigurationPlatforms) = preSolution
		Debug|Any CPU = Debug|Any CPU
		Debug|ARM = Debug|ARM
		Debug|x64 = Debug|x64
		Debug|x86 = Debug|x86
		Release|Any CPU = Release|Any CPU
		Release|ARM = Release|ARM
		Release|x64 = Release|x64
		Release|x86 = Release|x86
	EndGlobalSection
	GlobalSection(ProjectConfigurationPlatforms) = postSolution
		{D1951D0E-416E-4841-A62E-B9A4054DE7A4}.Debug|Any CPU.ActiveCfg = Debug|x86
		{D1951D0E-416E-4841-A62E-B9A4054DE7A4}.Debug|ARM.ActiveCfg = Debug|ARM
		{D1951D0E-416E-4841-A62E-B9A4054DE7A4}.Debug|ARM.Build.0 = Debug|ARM
		{D1951D0E-416E-4841-A62E-B9A4054DE7A4}.Debug|ARM.Deploy.0 = Debug|ARM
		{D1951D0E-416E-4841-A62E-B9A4054DE7A4}.Debug|x64.ActiveCfg = Debug|x64
		{D1951D0E-416E-4841-A62E-B9A4054DE7A4}.Debug|x64.Build.0 = Debug|x64
		{D1951D0E-416E-4841-A62E-B9A4054DE7A4}.Debug|x64.Deploy.0 = Debug|x64
		{D1951D0E-416E-4841-A62E-B9A4054DE7A4}.Debug|x86.ActiveCfg = Debug|x86
		{D1951D0E-416E-4841-A62E-B9A4054DE7A4}.Debug|x86.Build.0 = Debug|x86
		{D1951D0E-416E-4841-A62E-B9A4054DE7A4}.Debug|x86.Deploy.0 = Debug|x86
		{D1951D0E-416E-4841-A62E-B9A4054DE7A4}.Release|Any CPU.ActiveCfg = Release|x86
		{D1951D0E-416E-4841-A62E-B9A4054DE7A4}.Release|ARM.ActiveCfg = Release|ARM
		{D1951D0E-416E-4841-A62E-B9A4054DE7A4}.Release|ARM.Build.0 = Release|ARM
		{D1951D0E-416E-4841-A62E-B9A4054DE7A4}.Release|ARM.Deploy.0 = Release|ARM
		{D1951D0E-416E-4841-A62E-B9A4054DE7A4}.Release|x64.ActiveCfg = Release|x64
		{D1951D0E-416E-4841-A62E-B9A4054DE7A4}.Release|x64.Build.0 = Release|x64
		{D1951D0E-416E-4841-A62E-B9A4054DE7A4}.Release|x64.Deploy.0 = Release|x64
		{D1951D0E-416E-4841-A62E-B9A4054DE7A4}.Release|x86.ActiveCfg = Release|x86
		{D1951D0E-416E-4841-A62E-B9A4054DE7A4}.Release|x86.Build.0 = Release|x86
		{D1951D0E-416E-4841-A62E-B9A4054DE7A4}.Release|x86.Deploy.0 = Release|x86
		{7DAD87DC-20DB-4E90-AACB-8D5FE5C0EB64}.Debug|Any CPU.ActiveCfg = Debug|x86
		{7DAD87DC-20DB-4E90-AACB-8D5FE5C0EB64}.Debug|ARM.ActiveCfg = Debug|ARM
		{7DAD87DC-20DB-4E90-AACB-8D5FE5C0EB64}.Debug|ARM.Build.0 = Debug|ARM
		{7DAD87DC-20DB-4E90-AACB-8D5FE5C0EB64}.Debug|ARM.Deploy.0 = Debug|ARM
		{7DAD87DC-20DB-4E90-AACB-8D5FE5C0EB64}.Debug|x64.ActiveCfg = Debug|x64
		{7DAD87DC-20DB-4E90-AACB-8D5FE5C0EB64}.Debug|x64.Build.0 = Debug|x64
		{7DAD87DC-20DB-4E90-AACB-8D5FE5C0EB64}.Debug|x64.Deploy.0 = Debug|x64
		{7DAD87DC-20DB-4E90-AACB-8D5FE5C0EB64}.Debug|x86.ActiveCfg = Debug|x86
		{7DAD87DC-20DB-4E90-AACB-8D5FE5C0EB64}.Debug|x86.Build.0 = Debug|x86
		{7DAD87DC-20DB-4E90-AACB-8D5FE5C0EB64}.Debug|x86.Deploy.0 = Debug|x86
		{7DAD87DC-20DB-4E90-AACB-8D5FE5C0EB64}.Release|Any CPU.ActiveCfg = Release|x86
		{7DAD87DC-20DB-4E90-AACB-8D5FE5C0EB64}.Release|ARM.ActiveCfg = Release|ARM
		{7DAD87DC-20DB-4E90-AACB-8D5FE5C0EB64}.Release|ARM.Build.0 = Release|ARM
		{7DAD87DC-20DB-4E90-AACB-8D5FE5C0EB64}.Release|ARM.Deploy.0 = Release|ARM
		{7DAD87DC-20DB-4E90-AACB-8D5FE5C0EB64}.Release|x64.ActiveCfg = Release|x64
		{7DAD87DC-20DB-4E90-AACB-8D5FE5C0EB64}.Release|x64.Build.0 = Release|x64
		{7DAD87DC-20DB-4E90-AACB-8D5FE5C0EB64}.Release|x64.Deploy.0 = Release|x64
		{7DAD87DC-20DB-4E90-AACB-8D5FE5C0EB64}.Release|x86.ActiveCfg = Release|x86
		{7DAD87DC-20DB-4E90-AACB-8D5FE5C0EB64}.Release|x86.Build.0 = Release|x86
		{7DAD87DC-20DB-4E90-AACB-8D5FE5C0EB64}.Release|x86.Deploy.0 = Release|x86
		{4A4625FD-66C8-4A3E-91C9-5DB48B86B908}.Debug|Any CPU.ActiveCfg = Debug|Any CPU
		{4A4625FD-66C8-4A3E-91C9-5DB48B86B908}.Debug|Any CPU.Build.0 = Debug|Any CPU
		{4A4625FD-66C8-4A3E-91C9-5DB48B86B908}.Debug|Any CPU.Deploy.0 = Debug|Any CPU
		{4A4625FD-66C8-4A3E-91C9-5DB48B86B908}.Debug|ARM.ActiveCfg = Debug|Any CPU
		{4A4625FD-66C8-4A3E-91C9-5DB48B86B908}.Debug|ARM.Build.0 = Debug|Any CPU
		{4A4625FD-66C8-4A3E-91C9-5DB48B86B908}.Debug|ARM.Deploy.0 = Debug|Any CPU
		{4A4625FD-66C8-4A3E-91C9-5DB48B86B908}.Debug|x64.ActiveCfg = Debug|Any CPU
		{4A4625FD-66C8-4A3E-91C9-5DB48B86B908}.Debug|x64.Build.0 = Debug|Any CPU
		{4A4625FD-66C8-4A3E-91C9-5DB48B86B908}.Debug|x64.Deploy.0 = Debug|Any CPU
		{4A4625FD-66C8-4A3E-91C9-5DB48B86B908}.Debug|x86.ActiveCfg = Debug|Any CPU
		{4A4625FD-66C8-4A3E-91C9-5DB48B86B908}.Debug|x86.Build.0 = Debug|Any CPU
		{4A4625FD-66C8-4A3E-91C9-5DB48B86B908}.Debug|x86.Deploy.0 = Debug|Any CPU
		{4A4625FD-66C8-4A3E-91C9-5DB48B86B908}.Release|Any CPU.ActiveCfg = Release|Any CPU
		{4A4625FD-66C8-4A3E-91C9-5DB48B86B908}.Release|Any CPU.Build.0 = Release|Any CPU
		{4A4625FD-66C8-4A3E-91C9-5DB48B86B908}.Release|Any CPU.Deploy.0 = Release|Any CPU
		{4A4625FD-66C8-4A3E-91C9-5DB48B86B908}.Release|ARM.ActiveCfg = Release|Any CPU
		{4A4625FD-66C8-4A3E-91C9-5DB48B86B908}.Release|ARM.Build.0 = Release|Any CPU
		{4A4625FD-66C8-4A3E-91C9-5DB48B86B908}.Release|ARM.Deploy.0 = Release|Any CPU
		{4A4625FD-66C8-4A3E-91C9-5DB48B86B908}.Release|x64.ActiveCfg = Release|Any CPU
		{4A4625FD-66C8-4A3E-91C9-5DB48B86B908}.Release|x64.Build.0 = Release|Any CPU
		{4A4625FD-66C8-4A3E-91C9-5DB48B86B908}.Release|x64.Deploy.0 = Release|Any CPU
		{4A4625FD-66C8-4A3E-91C9-5DB48B86B908}.Release|x86.ActiveCfg = Release|Any CPU
		{4A4625FD-66C8-4A3E-91C9-5DB48B86B908}.Release|x86.Build.0 = Release|Any CPU
		{4A4625FD-66C8-4A3E-91C9-5DB48B86B908}.Release|x86.Deploy.0 = Release|Any CPU
		{63C3B6EF-73D6-424A-8205-F6B851DE67D8}.Debug|Any CPU.ActiveCfg = Debug|x86
		{63C3B6EF-73D6-424A-8205-F6B851DE67D8}.Debug|ARM.ActiveCfg = Debug|ARM
		{63C3B6EF-73D6-424A-8205-F6B851DE67D8}.Debug|ARM.Build.0 = Debug|ARM
		{63C3B6EF-73D6-424A-8205-F6B851DE67D8}.Debug|ARM.Deploy.0 = Debug|ARM
		{63C3B6EF-73D6-424A-8205-F6B851DE67D8}.Debug|x64.ActiveCfg = Debug|x64
		{63C3B6EF-73D6-424A-8205-F6B851DE67D8}.Debug|x64.Build.0 = Debug|x64
		{63C3B6EF-73D6-424A-8205-F6B851DE67D8}.Debug|x64.Deploy.0 = Debug|x64
		{63C3B6EF-73D6-424A-8205-F6B851DE67D8}.Debug|x86.ActiveCfg = Debug|x86
		{63C3B6EF-73D6-424A-8205-F6B851DE67D8}.Debug|x86.Build.0 = Debug|x86
		{63C3B6EF-73D6-424A-8205-F6B851DE67D8}.Debug|x86.Deploy.0 = Debug|x86
		{63C3B6EF-73D6-424A-8205-F6B851DE67D8}.Release|Any CPU.ActiveCfg = Release|x86
		{63C3B6EF-73D6-424A-8205-F6B851DE67D8}.Release|ARM.ActiveCfg = Release|ARM
		{63C3B6EF-73D6-424A-8205-F6B851DE67D8}.Release|ARM.Build.0 = Release|ARM
		{63C3B6EF-73D6-424A-8205-F6B851DE67D8}.Release|ARM.Deploy.0 = Release|ARM
		{63C3B6EF-73D6-424A-8205-F6B851DE67D8}.Release|x64.ActiveCfg = Release|x64
		{63C3B6EF-73D6-424A-8205-F6B851DE67D8}.Release|x64.Build.0 = Release|x64
		{63C3B6EF-73D6-424A-8205-F6B851DE67D8}.Release|x64.Deploy.0 = Release|x64
		{63C3B6EF-73D6-424A-8205-F6B851DE67D8}.Release|x86.ActiveCfg = Release|x86
		{63C3B6EF-73D6-424A-8205-F6B851DE67D8}.Release|x86.Build.0 = Release|x86
		{63C3B6EF-73D6-424A-8205-F6B851DE67D8}.Release|x86.Deploy.0 = Release|x86
		{9CF594AE-ADDC-4238-BD20-C7B6C4797CE1}.Debug|Any CPU.ActiveCfg = Debug|Any CPU
		{9CF594AE-ADDC-4238-BD20-C7B6C4797CE1}.Debug|Any CPU.Build.0 = Debug|Any CPU
		{9CF594AE-ADDC-4238-BD20-C7B6C4797CE1}.Debug|ARM.ActiveCfg = Debug|Any CPU
		{9CF594AE-ADDC-4238-BD20-C7B6C4797CE1}.Debug|ARM.Build.0 = Debug|Any CPU
		{9CF594AE-ADDC-4238-BD20-C7B6C4797CE1}.Debug|x64.ActiveCfg = Debug|Any CPU
		{9CF594AE-ADDC-4238-BD20-C7B6C4797CE1}.Debug|x64.Build.0 = Debug|Any CPU
		{9CF594AE-ADDC-4238-BD20-C7B6C4797CE1}.Debug|x86.ActiveCfg = Debug|Any CPU
		{9CF594AE-ADDC-4238-BD20-C7B6C4797CE1}.Debug|x86.Build.0 = Debug|Any CPU
		{9CF594AE-ADDC-4238-BD20-C7B6C4797CE1}.Release|Any CPU.ActiveCfg = Release|Any CPU
		{9CF594AE-ADDC-4238-BD20-C7B6C4797CE1}.Release|Any CPU.Build.0 = Release|Any CPU
		{9CF594AE-ADDC-4238-BD20-C7B6C4797CE1}.Release|ARM.ActiveCfg = Release|Any CPU
		{9CF594AE-ADDC-4238-BD20-C7B6C4797CE1}.Release|ARM.Build.0 = Release|Any CPU
		{9CF594AE-ADDC-4238-BD20-C7B6C4797CE1}.Release|x64.ActiveCfg = Release|Any CPU
		{9CF594AE-ADDC-4238-BD20-C7B6C4797CE1}.Release|x64.Build.0 = Release|Any CPU
		{9CF594AE-ADDC-4238-BD20-C7B6C4797CE1}.Release|x86.ActiveCfg = Release|Any CPU
		{9CF594AE-ADDC-4238-BD20-C7B6C4797CE1}.Release|x86.Build.0 = Release|Any CPU
		{84741FAB-AC84-4479-B880-4EB54BC6F430}.Debug|Any CPU.ActiveCfg = Debug|Any CPU
		{84741FAB-AC84-4479-B880-4EB54BC6F430}.Debug|Any CPU.Build.0 = Debug|Any CPU
		{84741FAB-AC84-4479-B880-4EB54BC6F430}.Debug|Any CPU.Deploy.0 = Debug|Any CPU
		{84741FAB-AC84-4479-B880-4EB54BC6F430}.Debug|ARM.ActiveCfg = Debug|Any CPU
		{84741FAB-AC84-4479-B880-4EB54BC6F430}.Debug|ARM.Build.0 = Debug|Any CPU
		{84741FAB-AC84-4479-B880-4EB54BC6F430}.Debug|ARM.Deploy.0 = Debug|Any CPU
		{84741FAB-AC84-4479-B880-4EB54BC6F430}.Debug|x64.ActiveCfg = Debug|Any CPU
		{84741FAB-AC84-4479-B880-4EB54BC6F430}.Debug|x64.Build.0 = Debug|Any CPU
		{84741FAB-AC84-4479-B880-4EB54BC6F430}.Debug|x64.Deploy.0 = Debug|Any CPU
		{84741FAB-AC84-4479-B880-4EB54BC6F430}.Debug|x86.ActiveCfg = Debug|Any CPU
		{84741FAB-AC84-4479-B880-4EB54BC6F430}.Debug|x86.Build.0 = Debug|Any CPU
		{84741FAB-AC84-4479-B880-4EB54BC6F430}.Debug|x86.Deploy.0 = Debug|Any CPU
		{84741FAB-AC84-4479-B880-4EB54BC6F430}.Release|Any CPU.ActiveCfg = Release|Any CPU
		{84741FAB-AC84-4479-B880-4EB54BC6F430}.Release|Any CPU.Build.0 = Release|Any CPU
		{84741FAB-AC84-4479-B880-4EB54BC6F430}.Release|Any CPU.Deploy.0 = Release|Any CPU
		{84741FAB-AC84-4479-B880-4EB54BC6F430}.Release|ARM.ActiveCfg = Release|Any CPU
		{84741FAB-AC84-4479-B880-4EB54BC6F430}.Release|ARM.Build.0 = Release|Any CPU
		{84741FAB-AC84-4479-B880-4EB54BC6F430}.Release|ARM.Deploy.0 = Release|Any CPU
		{84741FAB-AC84-4479-B880-4EB54BC6F430}.Release|x64.ActiveCfg = Release|Any CPU
		{84741FAB-AC84-4479-B880-4EB54BC6F430}.Release|x64.Build.0 = Release|Any CPU
		{84741FAB-AC84-4479-B880-4EB54BC6F430}.Release|x64.Deploy.0 = Release|Any CPU
		{84741FAB-AC84-4479-B880-4EB54BC6F430}.Release|x86.ActiveCfg = Release|Any CPU
		{84741FAB-AC84-4479-B880-4EB54BC6F430}.Release|x86.Build.0 = Release|Any CPU
		{84741FAB-AC84-4479-B880-4EB54BC6F430}.Release|x86.Deploy.0 = Release|Any CPU
		{C48AC671-CD5A-4C8B-A5FB-48E5F761B44E}.Debug|Any CPU.ActiveCfg = Debug|Any CPU
		{C48AC671-CD5A-4C8B-A5FB-48E5F761B44E}.Debug|Any CPU.Build.0 = Debug|Any CPU
		{C48AC671-CD5A-4C8B-A5FB-48E5F761B44E}.Debug|ARM.ActiveCfg = Debug|Any CPU
		{C48AC671-CD5A-4C8B-A5FB-48E5F761B44E}.Debug|ARM.Build.0 = Debug|Any CPU
		{C48AC671-CD5A-4C8B-A5FB-48E5F761B44E}.Debug|x64.ActiveCfg = Debug|Any CPU
		{C48AC671-CD5A-4C8B-A5FB-48E5F761B44E}.Debug|x64.Build.0 = Debug|Any CPU
		{C48AC671-CD5A-4C8B-A5FB-48E5F761B44E}.Debug|x86.ActiveCfg = Debug|Any CPU
		{C48AC671-CD5A-4C8B-A5FB-48E5F761B44E}.Debug|x86.Build.0 = Debug|Any CPU
		{C48AC671-CD5A-4C8B-A5FB-48E5F761B44E}.Release|Any CPU.ActiveCfg = Release|Any CPU
		{C48AC671-CD5A-4C8B-A5FB-48E5F761B44E}.Release|Any CPU.Build.0 = Release|Any CPU
		{C48AC671-CD5A-4C8B-A5FB-48E5F761B44E}.Release|ARM.ActiveCfg = Release|Any CPU
		{C48AC671-CD5A-4C8B-A5FB-48E5F761B44E}.Release|ARM.Build.0 = Release|Any CPU
		{C48AC671-CD5A-4C8B-A5FB-48E5F761B44E}.Release|x64.ActiveCfg = Release|Any CPU
		{C48AC671-CD5A-4C8B-A5FB-48E5F761B44E}.Release|x64.Build.0 = Release|Any CPU
		{C48AC671-CD5A-4C8B-A5FB-48E5F761B44E}.Release|x86.ActiveCfg = Release|Any CPU
		{C48AC671-CD5A-4C8B-A5FB-48E5F761B44E}.Release|x86.Build.0 = Release|Any CPU
		{AAD28B31-C2DC-4FFD-8B73-3AADD0BE211E}.Debug|Any CPU.ActiveCfg = Debug|Any CPU
		{AAD28B31-C2DC-4FFD-8B73-3AADD0BE211E}.Debug|Any CPU.Build.0 = Debug|Any CPU
		{AAD28B31-C2DC-4FFD-8B73-3AADD0BE211E}.Debug|ARM.ActiveCfg = Debug|Any CPU
		{AAD28B31-C2DC-4FFD-8B73-3AADD0BE211E}.Debug|ARM.Build.0 = Debug|Any CPU
		{AAD28B31-C2DC-4FFD-8B73-3AADD0BE211E}.Debug|x64.ActiveCfg = Debug|Any CPU
		{AAD28B31-C2DC-4FFD-8B73-3AADD0BE211E}.Debug|x64.Build.0 = Debug|Any CPU
		{AAD28B31-C2DC-4FFD-8B73-3AADD0BE211E}.Debug|x86.ActiveCfg = Debug|Any CPU
		{AAD28B31-C2DC-4FFD-8B73-3AADD0BE211E}.Debug|x86.Build.0 = Debug|Any CPU
		{AAD28B31-C2DC-4FFD-8B73-3AADD0BE211E}.Release|Any CPU.ActiveCfg = Release|Any CPU
		{AAD28B31-C2DC-4FFD-8B73-3AADD0BE211E}.Release|Any CPU.Build.0 = Release|Any CPU
		{AAD28B31-C2DC-4FFD-8B73-3AADD0BE211E}.Release|ARM.ActiveCfg = Release|Any CPU
		{AAD28B31-C2DC-4FFD-8B73-3AADD0BE211E}.Release|ARM.Build.0 = Release|Any CPU
		{AAD28B31-C2DC-4FFD-8B73-3AADD0BE211E}.Release|x64.ActiveCfg = Release|Any CPU
		{AAD28B31-C2DC-4FFD-8B73-3AADD0BE211E}.Release|x64.Build.0 = Release|Any CPU
		{AAD28B31-C2DC-4FFD-8B73-3AADD0BE211E}.Release|x86.ActiveCfg = Release|Any CPU
		{AAD28B31-C2DC-4FFD-8B73-3AADD0BE211E}.Release|x86.Build.0 = Release|Any CPU
		{93F96991-A4D2-4106-A08D-A6C24F3F4B93}.Debug|Any CPU.ActiveCfg = Debug|x86
		{93F96991-A4D2-4106-A08D-A6C24F3F4B93}.Debug|ARM.ActiveCfg = Debug|ARM
		{93F96991-A4D2-4106-A08D-A6C24F3F4B93}.Debug|ARM.Build.0 = Debug|ARM
		{93F96991-A4D2-4106-A08D-A6C24F3F4B93}.Debug|ARM.Deploy.0 = Debug|ARM
		{93F96991-A4D2-4106-A08D-A6C24F3F4B93}.Debug|x64.ActiveCfg = Debug|x64
		{93F96991-A4D2-4106-A08D-A6C24F3F4B93}.Debug|x64.Build.0 = Debug|x64
		{93F96991-A4D2-4106-A08D-A6C24F3F4B93}.Debug|x64.Deploy.0 = Debug|x64
		{93F96991-A4D2-4106-A08D-A6C24F3F4B93}.Debug|x86.ActiveCfg = Debug|x86
		{93F96991-A4D2-4106-A08D-A6C24F3F4B93}.Debug|x86.Build.0 = Debug|x86
		{93F96991-A4D2-4106-A08D-A6C24F3F4B93}.Debug|x86.Deploy.0 = Debug|x86
		{93F96991-A4D2-4106-A08D-A6C24F3F4B93}.Release|Any CPU.ActiveCfg = Release|x86
		{93F96991-A4D2-4106-A08D-A6C24F3F4B93}.Release|ARM.ActiveCfg = Release|ARM
		{93F96991-A4D2-4106-A08D-A6C24F3F4B93}.Release|ARM.Build.0 = Release|ARM
		{93F96991-A4D2-4106-A08D-A6C24F3F4B93}.Release|ARM.Deploy.0 = Release|ARM
		{93F96991-A4D2-4106-A08D-A6C24F3F4B93}.Release|x64.ActiveCfg = Release|x64
		{93F96991-A4D2-4106-A08D-A6C24F3F4B93}.Release|x64.Build.0 = Release|x64
		{93F96991-A4D2-4106-A08D-A6C24F3F4B93}.Release|x64.Deploy.0 = Release|x64
		{93F96991-A4D2-4106-A08D-A6C24F3F4B93}.Release|x86.ActiveCfg = Release|x86
		{93F96991-A4D2-4106-A08D-A6C24F3F4B93}.Release|x86.Build.0 = Release|x86
		{93F96991-A4D2-4106-A08D-A6C24F3F4B93}.Release|x86.Deploy.0 = Release|x86
		{EA957C4C-F4C1-4DB9-8DBA-AB27E6EF93E8}.Debug|Any CPU.ActiveCfg = Debug|x86
		{EA957C4C-F4C1-4DB9-8DBA-AB27E6EF93E8}.Debug|ARM.ActiveCfg = Debug|ARM
		{EA957C4C-F4C1-4DB9-8DBA-AB27E6EF93E8}.Debug|ARM.Build.0 = Debug|ARM
		{EA957C4C-F4C1-4DB9-8DBA-AB27E6EF93E8}.Debug|ARM.Deploy.0 = Debug|ARM
		{EA957C4C-F4C1-4DB9-8DBA-AB27E6EF93E8}.Debug|x64.ActiveCfg = Debug|x64
		{EA957C4C-F4C1-4DB9-8DBA-AB27E6EF93E8}.Debug|x64.Build.0 = Debug|x64
		{EA957C4C-F4C1-4DB9-8DBA-AB27E6EF93E8}.Debug|x64.Deploy.0 = Debug|x64
		{EA957C4C-F4C1-4DB9-8DBA-AB27E6EF93E8}.Debug|x86.ActiveCfg = Debug|x86
		{EA957C4C-F4C1-4DB9-8DBA-AB27E6EF93E8}.Debug|x86.Build.0 = Debug|x86
		{EA957C4C-F4C1-4DB9-8DBA-AB27E6EF93E8}.Debug|x86.Deploy.0 = Debug|x86
		{EA957C4C-F4C1-4DB9-8DBA-AB27E6EF93E8}.Release|Any CPU.ActiveCfg = Release|x86
		{EA957C4C-F4C1-4DB9-8DBA-AB27E6EF93E8}.Release|ARM.ActiveCfg = Release|ARM
		{EA957C4C-F4C1-4DB9-8DBA-AB27E6EF93E8}.Release|ARM.Build.0 = Release|ARM
		{EA957C4C-F4C1-4DB9-8DBA-AB27E6EF93E8}.Release|ARM.Deploy.0 = Release|ARM
		{EA957C4C-F4C1-4DB9-8DBA-AB27E6EF93E8}.Release|x64.ActiveCfg = Release|x64
		{EA957C4C-F4C1-4DB9-8DBA-AB27E6EF93E8}.Release|x64.Build.0 = Release|x64
		{EA957C4C-F4C1-4DB9-8DBA-AB27E6EF93E8}.Release|x64.Deploy.0 = Release|x64
		{EA957C4C-F4C1-4DB9-8DBA-AB27E6EF93E8}.Release|x86.ActiveCfg = Release|x86
		{EA957C4C-F4C1-4DB9-8DBA-AB27E6EF93E8}.Release|x86.Build.0 = Release|x86
		{EA957C4C-F4C1-4DB9-8DBA-AB27E6EF93E8}.Release|x86.Deploy.0 = Release|x86
		{CA18BF95-2C94-4C48-B175-778374AC138D}.Debug|Any CPU.ActiveCfg = Debug|Any CPU
		{CA18BF95-2C94-4C48-B175-778374AC138D}.Debug|Any CPU.Build.0 = Debug|Any CPU
		{CA18BF95-2C94-4C48-B175-778374AC138D}.Debug|Any CPU.Deploy.0 = Debug|Any CPU
		{CA18BF95-2C94-4C48-B175-778374AC138D}.Debug|ARM.ActiveCfg = Debug|Any CPU
		{CA18BF95-2C94-4C48-B175-778374AC138D}.Debug|ARM.Build.0 = Debug|Any CPU
		{CA18BF95-2C94-4C48-B175-778374AC138D}.Debug|ARM.Deploy.0 = Debug|Any CPU
		{CA18BF95-2C94-4C48-B175-778374AC138D}.Debug|x64.ActiveCfg = Debug|Any CPU
		{CA18BF95-2C94-4C48-B175-778374AC138D}.Debug|x64.Build.0 = Debug|Any CPU
		{CA18BF95-2C94-4C48-B175-778374AC138D}.Debug|x64.Deploy.0 = Debug|Any CPU
		{CA18BF95-2C94-4C48-B175-778374AC138D}.Debug|x86.ActiveCfg = Debug|Any CPU
		{CA18BF95-2C94-4C48-B175-778374AC138D}.Debug|x86.Build.0 = Debug|Any CPU
		{CA18BF95-2C94-4C48-B175-778374AC138D}.Debug|x86.Deploy.0 = Debug|Any CPU
		{CA18BF95-2C94-4C48-B175-778374AC138D}.Release|Any CPU.ActiveCfg = Release|Any CPU
		{CA18BF95-2C94-4C48-B175-778374AC138D}.Release|Any CPU.Build.0 = Release|Any CPU
		{CA18BF95-2C94-4C48-B175-778374AC138D}.Release|Any CPU.Deploy.0 = Release|Any CPU
		{CA18BF95-2C94-4C48-B175-778374AC138D}.Release|ARM.ActiveCfg = Release|Any CPU
		{CA18BF95-2C94-4C48-B175-778374AC138D}.Release|ARM.Build.0 = Release|Any CPU
		{CA18BF95-2C94-4C48-B175-778374AC138D}.Release|ARM.Deploy.0 = Release|Any CPU
		{CA18BF95-2C94-4C48-B175-778374AC138D}.Release|x64.ActiveCfg = Release|Any CPU
		{CA18BF95-2C94-4C48-B175-778374AC138D}.Release|x64.Build.0 = Release|Any CPU
		{CA18BF95-2C94-4C48-B175-778374AC138D}.Release|x64.Deploy.0 = Release|Any CPU
		{CA18BF95-2C94-4C48-B175-778374AC138D}.Release|x86.ActiveCfg = Release|Any CPU
		{CA18BF95-2C94-4C48-B175-778374AC138D}.Release|x86.Build.0 = Release|Any CPU
		{CA18BF95-2C94-4C48-B175-778374AC138D}.Release|x86.Deploy.0 = Release|Any CPU
	EndGlobalSection
	GlobalSection(SolutionProperties) = preSolution
		HideSolutionNode = FALSE
	EndGlobalSection
	GlobalSection(NestedProjects) = preSolution
		{D1951D0E-416E-4841-A62E-B9A4054DE7A4} = {AC192424-7767-4BE2-816F-D663FB08C1D7}
		{7DAD87DC-20DB-4E90-AACB-8D5FE5C0EB64} = {026CB1A2-A74E-4A4B-A5B5-4A052E851164}
		{4A4625FD-66C8-4A3E-91C9-5DB48B86B908} = {026CB1A2-A74E-4A4B-A5B5-4A052E851164}
		{63C3B6EF-73D6-424A-8205-F6B851DE67D8} = {015DCCD2-4F49-4B0A-A33A-68589AE97C62}
		{9CF594AE-ADDC-4238-BD20-C7B6C4797CE1} = {015DCCD2-4F49-4B0A-A33A-68589AE97C62}
		{84741FAB-AC84-4479-B880-4EB54BC6F430} = {015DCCD2-4F49-4B0A-A33A-68589AE97C62}
		{C48AC671-CD5A-4C8B-A5FB-48E5F761B44E} = {026CB1A2-A74E-4A4B-A5B5-4A052E851164}
		{AAD28B31-C2DC-4FFD-8B73-3AADD0BE211E} = {61EF6925-9747-4E30-A153-1219C92153CC}
		{93F96991-A4D2-4106-A08D-A6C24F3F4B93} = {61EF6925-9747-4E30-A153-1219C92153CC}
		{EA957C4C-F4C1-4DB9-8DBA-AB27E6EF93E8} = {AC192424-7767-4BE2-816F-D663FB08C1D7}
		{CA18BF95-2C94-4C48-B175-778374AC138D} = {61EF6925-9747-4E30-A153-1219C92153CC}
	EndGlobalSection
EndGlobal
